
Microsoft Visual Studio Solution File, Format Version 12.00
# Visual Studio Version 16
VisualStudioVersion = 16.0.30413.136
MinimumVisualStudioVersion = 10.0.40219.1
Project("{FAE04EC0-301F-11D3-BF4B-00C04F79EFBC}") = "BlazorWADemo.Client", "BlazorWADemo\Client\BlazorWADemo.Client.csproj", "{E5959DA9-8371-4CE6-B46D-AA7C1E249588}"
EndProject
Project("{FAE04EC0-301F-11D3-BF4B-00C04F79EFBC}") = "BlazorWADemo.Shared", "BlazorWADemo\Shared\BlazorWADemo.Shared.csproj", "{1E4135D3-2592-40C8-B61C-A0990E832A81}"
EndProject
Project("{FAE04EC0-301F-11D3-BF4B-00C04F79EFBC}") = "DemoFunc", "DemoFunc\DemoFunc.csproj", "{58E1E838-2C48-41A3-90FD-A723845C551B}"
EndProject
Global
	GlobalSection(SolutionConfigurationPlatforms) = preSolution
		Debug|Any CPU = Debug|Any CPU
		Release|Any CPU = Release|Any CPU
	EndGlobalSection
	GlobalSection(ProjectConfigurationPlatforms) = postSolution
		{E5959DA9-8371-4CE6-B46D-AA7C1E249588}.Debug|Any CPU.ActiveCfg = Debug|Any CPU
		{E5959DA9-8371-4CE6-B46D-AA7C1E249588}.Debug|Any CPU.Build.0 = Debug|Any CPU
		{E5959DA9-8371-4CE6-B46D-AA7C1E249588}.Release|Any CPU.ActiveCfg = Release|Any CPU
		{E5959DA9-8371-4CE6-B46D-AA7C1E249588}.Release|Any CPU.Build.0 = Release|Any CPU
		{1E4135D3-2592-40C8-B61C-A0990E832A81}.Debug|Any CPU.ActiveCfg = Debug|Any CPU
		{1E4135D3-2592-40C8-B61C-A0990E832A81}.Debug|Any CPU.Build.0 = Debug|Any CPU
		{1E4135D3-2592-40C8-B61C-A0990E832A81}.Release|Any CPU.ActiveCfg = Release|Any CPU
		{1E4135D3-2592-40C8-B61C-A0990E832A81}.Release|Any CPU.Build.0 = Release|Any CPU
		{58E1E838-2C48-41A3-90FD-A723845C551B}.Debug|Any CPU.ActiveCfg = Debug|Any CPU
		{58E1E838-2C48-41A3-90FD-A723845C551B}.Debug|Any CPU.Build.0 = Debug|Any CPU
		{58E1E838-2C48-41A3-90FD-A723845C551B}.Release|Any CPU.ActiveCfg = Release|Any CPU
		{58E1E838-2C48-41A3-90FD-A723845C551B}.Release|Any CPU.Build.0 = Release|Any CPU
	EndGlobalSection
	GlobalSection(SolutionProperties) = preSolution
		HideSolutionNode = FALSE
	EndGlobalSection
	GlobalSection(ExtensibilityGlobals) = postSolution
		SolutionGuid = {982D7542-2C56-49C4-B436-2776D51ED2A6}
	EndGlobalSection
EndGlobal
